{"filter":false,"title":"Gemfile.lock","tooltip":"/express/Gemfile.lock","undoManager":{"mark":-1,"position":-1,"stack":[]},"ace":{"folds":[],"scrolltop":729,"scrollleft":0,"selection":{"start":{"row":60,"column":2},"end":{"row":60,"column":9},"isBackwards":false},"options":{"guessTabSize":true,"useWrapMode":false,"wrapToView":true},"firstLineState":{"row":44,"state":"start","mode":"ace/mode/text"}},"timestamp":1622350590480,"hash":"fcb1b9a5e52a5e4a1969ccb3695e42891ca3d1cb"}