{"filter":false,"title":"Gemfile.lock","tooltip":"/wikipedia/Gemfile.lock","undoManager":{"mark":-1,"position":-1,"stack":[]},"ace":{"folds":[],"scrolltop":670.4000244140625,"scrollleft":0,"selection":{"start":{"row":65,"column":12},"end":{"row":65,"column":12},"isBackwards":false},"options":{"guessTabSize":true,"useWrapMode":false,"wrapToView":true},"firstLineState":0},"timestamp":1621133396592,"hash":"523a63d9bc5f5c4335670f829ab4af5d438d65ac"}