{"filter":false,"title":"Gemfile.lock","tooltip":"/original/Gemfile.lock","undoManager":{"mark":-1,"position":-1,"stack":[]},"ace":{"folds":[],"scrolltop":1229.5,"scrollleft":0,"selection":{"start":{"row":0,"column":0},"end":{"row":0,"column":0},"isBackwards":false},"options":{"guessTabSize":true,"useWrapMode":false,"wrapToView":true},"firstLineState":0},"timestamp":1625985397933,"hash":"b46e8501731a93639feddd2dfa18f7f2d33c9882"}